{
    "_meta": {
        "hash": {
            "sha256": "da5e415958976cc17ddc9d477ff54da74ea44e834b5fa011c98bf5ed997e83f5"
        },
        "pipfile-spec": 6,
        "requires": {
            "python_version": "3.9"
        },
        "sources": [
            {
                "name": "pypi",
                "url": "https://pypi.org/simple",
                "verify_ssl": true
            }
        ]
    },
    "default": {
        "cython": {
            "hashes": [
                "sha256:0ac10bf476476a9f7ef61ec6e44c280ef434473124ad31d3132b720f7b0e8d2a",
                "sha256:0e25c209c75df8785480dcef85db3d36c165dbc0f4c503168e8763eb735704f2",
                "sha256:171b9f70ceafcec5852089d0f9c1e75b0d554f46c882cd4e2e4acaba9bd7d148",
                "sha256:23f3a00b843a19de8bb4468b087db5b413a903213f67188729782488d67040e0",
                "sha256:2922e3031ba9ebbe7cb9200b585cc33b71d66023d78450dcb883f824f4969371",
                "sha256:31c71a615f38401b0dc1f2a5a9a6c421ffd8908c4cd5bbedc4014c1b876488e8",
                "sha256:473df5d5e400444a36ed81c6596f56a5b52a3481312d0a48d68b777790f730ae",
                "sha256:497841897942f734b0abc2dead2d4009795ee992267a70a23485fd0e937edc0b",
                "sha256:539e59949aab4955c143a468810123bf22d3e8556421e1ce2531ed4893914ca0",
                "sha256:540b3bee0711aac2e99bda4fa0a46dbcd8c74941666bfc1ef9236b1a64eeffd9",
                "sha256:57ead89128dee9609119c93d3926c7a2add451453063147900408a50144598c6",
                "sha256:5c4276fdcbccdf1e3c1756c7aeb8395e9a36874fa4d30860e7694f43d325ae13",
                "sha256:5da187bebe38030325e1c0b5b8a804d489410be2d384c0ef3ba39493c67eb51e",
                "sha256:5e545a48f919e40079b0efe7b0e081c74b96f9ef25b9c1ff4cdbd95764426b58",
                "sha256:603b9f1b8e93e8b494d3e89320c410679e21018e48b6cbc77280f5db71f17dc0",
                "sha256:695a6bcaf9e12b1e471dfce96bbecf22a1487adc2ac6106b15960a2b51b97f5d",
                "sha256:715294cd2246b39a8edca464a8366eb635f17213e4a6b9e74e52d8b877a8cb63",
                "sha256:7ebaa8800c376bcdae596fb1372cb4232a5ef957619d35839520d2786f2debb9",
                "sha256:856c7fb31d247ce713d60116375e1f8153d0291ab5e92cca7d8833a524ba9991",
                "sha256:8c6e25e9cc4961bb2abb1777c6fa9d0fa2d9b014beb3276cebe69996ff162b78",
                "sha256:9207fdedc7e789a3dcaca628176b80c82fbed9ae0997210738cbb12536a56699",
                "sha256:93f5fed1c9445fb7afe20450cdaf94b0e0356d47cc75008105be89c6a2e417b1",
                "sha256:9ce5e5209f8406ffc2b058b1293cce7a954911bb7991e623564d489197c9ba30",
                "sha256:a0674f246ad5e1571ef29d4c5ec1d6ecabe9e6c424ad0d6fee46b914d5d24d69",
                "sha256:b2f9172e4d6358f33ecce6a4339b5960f9f83eab67ea244baa812737793826b7",
                "sha256:b8a8a31b9e8860634adbca30fea1d0c7f08e208b3d7611f3e580e5f20992e5d7",
                "sha256:b8d8497091c1dc8705d1575c71e908a93b1f127a174b2d472020f3d84263ac28",
                "sha256:c111ac9abdf715762e4fb87395e59d61c0fbb6ce79eb2e24167700b6cfa8ba79",
                "sha256:c4b78356074fcaac04ecb4de289f11d506e438859877670992ece11f9c90f37b",
                "sha256:c541b2b49c6638f2b5beb9316726db84a8d1c132bf31b942dae1f9c7f6ad3b92",
                "sha256:c8435959321cf8aec867bbad54b83b7fb8343204b530d85d9ea7a1f5329d5ac2",
                "sha256:ccb77faeaad99e99c6c444d04862c6cf604204fe0a07d4c8f9cbf2c9012d7d5a",
                "sha256:e272ed97d20b026f4f25a012b25d7d7672a60e4f72b9ca385239d693cd91b2d5",
                "sha256:e57acb89bd55943c8d8bf813763d20b9099cc7165c0f16b707631a7654be9cad",
                "sha256:e93acd1f603a0c1786e0841f066ae7cef014cf4750e3cd06fd03cfdf46361419"
            ],
            "index": "pypi",
            "version": "==0.29.21"
        },
        "numpy": {
            "hashes": [
                "sha256:0ee77786eebbfa37f2141fd106b549d37c89207a0d01d8852fde1c82e9bfc0e7",
                "sha256:199bebc296bd8a5fc31c16f256ac873dd4d5b4928dfd50e6c4995570fc71a8f3",
                "sha256:1a307bdd3dd444b1d0daa356b5f4c7de2e24d63bdc33ea13ff718b8ec4c6a268",
                "sha256:1ea7e859f16e72ab81ef20aae69216cfea870676347510da9244805ff9670170",
                "sha256:271139653e8b7a046d11a78c0d33bafbddd5c443a5b9119618d0652a4eb3a09f",
                "sha256:35bf5316af8dc7c7db1ad45bec603e5fb28671beb98ebd1d65e8059efcfd3b72",
                "sha256:463792a249a81b9eb2b63676347f996d3f0082c2666fd0604f4180d2e5445996",
                "sha256:50d3513469acf5b2c0406e822d3f314d7ac5788c2b438c24e5dd54d5a81ef522",
                "sha256:50f68ebc439821b826823a8da6caa79cd080dee2a6d5ab9f1163465a060495ed",
                "sha256:51e8d2ae7c7e985c7bebf218e56f72fa93c900ad0c8a7d9fbbbf362f45710f69",
                "sha256:522053b731e11329dd52d258ddf7de5288cae7418b55e4b7d32f0b7e31787e9d",
                "sha256:5ea4401ada0d3988c263df85feb33818dc995abc85b8125f6ccb762009e7bc68",
                "sha256:604d2e5a31482a3ad2c88206efd43d6fcf666ada1f3188fd779b4917e49b7a98",
                "sha256:6ff88bcf1872b79002569c63fe26cd2cda614e573c553c4d5b814fb5eb3d2822",
                "sha256:7197ee0a25629ed782c7bd01871ee40702ffeef35bc48004bc2fdcc71e29ba9d",
                "sha256:741d95eb2b505bb7a99fbf4be05fa69f466e240c2b4f2d3ddead4f1b5f82a5a5",
                "sha256:83af653bb92d1e248ccf5fdb05ccc934c14b936bcfe9b917dc180d3f00250ac6",
                "sha256:8802d23e4895e0c65e418abe67cdf518aa5cbb976d97f42fd591f921d6dffad0",
                "sha256:8edc4d687a74d0a5f8b9b26532e860f4f85f56c400b3a98899fc44acb5e27add",
                "sha256:942d2cdcb362739908c26ce8dd88db6e139d3fa829dd7452dd9ff02cba6b58b2",
                "sha256:9a0669787ba8c9d3bb5de5d9429208882fb47764aa79123af25c5edc4f5966b9",
                "sha256:9d08d84bb4128abb9fbd9f073e5c69f70e5dab991a9c42e5b4081ea5b01b5db0",
                "sha256:9f7f56b5e85b08774939622b7d45a5d00ff511466522c44fc0756ac7692c00f2",
                "sha256:a2daea1cba83210c620e359de2861316f49cc7aea8e9a6979d6cb2ddab6dda8c",
                "sha256:b9074d062d30c2779d8af587924f178a539edde5285d961d2dfbecbac9c4c931",
                "sha256:c4aa79993f5d856765819a3651117520e41ac3f89c3fc1cb6dee11aa562df6da",
                "sha256:d78294f1c20f366cde8a75167f822538a7252b6e8b9d6dbfb3bdab34e7c1929e",
                "sha256:dfdc8b53aa9838b9d44ed785431ca47aa3efaa51d0d5dd9c412ab5247151a7c4",
                "sha256:dffed17848e8b968d8d3692604e61881aa6ef1f8074c99e81647ac84f6038535",
                "sha256:e080087148fd70469aade2abfeadee194357defd759f9b59b349c6192aba994c",
                "sha256:e983cbabe10a8989333684c98fdc5dd2f28b236216981e0c26ed359aaa676772",
                "sha256:ea6171d2d8d648dee717457d0f75db49ad8c2f13100680e284d7becf3dc311a6",
                "sha256:eefc13863bf01583a85e8c1121a901cc7cb8f059b960c4eba30901e2e6aba95f",
                "sha256:efd656893171bbf1331beca4ec9f2e74358fc732a2084f664fd149cc4b3441d2"
            ],
            "index": "pypi",
            "version": "==1.19.3"
        },
        "pypng": {
            "hashes": [
                "sha256:1032833440c91bafee38a42c38c02d00431b24c42927feb3e63b104d8550170b"
            ],
            "index": "pypi",
            "version": "==0.0.20"
        },
        "pyqt5": {
            "hashes": [
                "sha256:29889845688a54d62820585ad5b2e0200a36b304ff3d7a555e95599f110ba4ce",
                "sha256:372b08dc9321d1201e4690182697c5e7ffb2e0770e6b4a45519025134b12e4fc",
                "sha256:894ca4ae767a8d6cf5903784b71f755073c78cb8c167eecf6e4ed6b3b055ac6a",
                "sha256:ea24f24b7679bf393dd2e4f53fe0ce65021be18304c1ff7a226c2fc5c356d0da",
                "sha256:faaecb76ec65e12673a968e7f5bc02495957e6996f0a3fa0d98895f9e4113746"
            ],
            "index": "pypi",
            "version": "==5.15.2"
        },
        "pyqt5-sip": {
            "hashes": [
                "sha256:0304ca9114b9817a270f67f421355075b78ff9fc25ac58ffd72c2601109d2194",
                "sha256:0cd969be528c27bbd4755bd323dff4a79a8fdda28215364e6ce3e069cb56c2a9",
                "sha256:2f35e82fd7ec1e1f6716e9154721c7594956a4f5bd4f826d8c6a6453833cc2f0",
                "sha256:30e944db9abee9cc757aea16906d4198129558533eb7fadbe48c5da2bd18e0bd",
                "sha256:34dcd29be47553d5f016ff86e89e24cbc5eebae92eb2f96fb32d2d7ba028c43c",
                "sha256:5a011aeff89660622a6d5c3388d55a9d76932f3b82c95e82fc31abd8b1d2990d",
                "sha256:6c1ebee60f1d2b3c70aff866b7933d8d8d7646011f7c32f9321ee88c290aa4f9",
                "sha256:7b81382ce188d63890a0e35abe0f9bb946cabc873a31873b73583b0fc84ac115",
                "sha256:832fd60a264de4134c2824d393320838f3ab648180c9c357ec58a74524d24507",
                "sha256:84ba7746762bd223bed22428e8561aa267a229c28344c2d28c5d5d3f8970cffb",
                "sha256:9312ec47cac4e33c11503bc1cbeeb0bdae619620472f38e2078c5a51020a930f",
                "sha256:a1b8ef013086e224b8e86c93f880f776d01b59195bdfa2a8e0b23f0480678fec",
                "sha256:a29e2ac399429d3b7738f73e9081e50783e61ac5d29344e0802d0dcd6056c5a2",
                "sha256:b6d42250baec52a5f77de64e2951d001c5501c3a2df2179f625b241cbaec3369",
                "sha256:bb5a87b66fc1445915104ee97f7a20a69decb42f52803e3b0795fa17ff88226c",
                "sha256:c317ab1263e6417c498b81f5c970a9b1af7acefab1f80b4cc0f2f8e661f29fc5",
                "sha256:c9800729badcb247765e4ffe2241549d02da1fa435b9db224845bc37c3e99cb0",
                "sha256:c9d6d448c29dc6606bb7974696608f81f4316c8234f7c7216396ed110075e777",
                "sha256:da9c9f1e65b9d09e73bd75befc82961b6b61b5a3b9d0a7c832168e1415f163c6",
                "sha256:ed897c58acf4a3cdca61469daa31fe6e44c33c6c06a37c3f21fab31780b3b86a",
                "sha256:f168f0a7f32b81bfeffdf003c36f25d81c97dee5eb67072a5183e761fe250f13"
            ],
            "markers": "python_version >= '3.5'",
            "version": "==12.8.1"
        }
    },
    "develop": {}
}
